// !$*UTF8*$!
{
	archiveVersion = 1;
	classes = {
	};
	objectVersion = 51;
	objects = {

/* Begin PBXBuildFile section */
		00BCF5E72D3226E252BA074C /* Pods_MobilunityTestJobTests.framework in Frameworks */ = {isa = PBXBuildFile; fileRef = F7933F322F266233DB89414C /* Pods_MobilunityTestJobTests.framework */; };
		5060C7A387F41B9267E65CE4 /* Pods_MobilunityTestJob.framework in Frameworks */ = {isa = PBXBuildFile; fileRef = 8E0344ABC0E77C26AD5CABC9 /* Pods_MobilunityTestJob.framework */; };
		C43B7424243643FA0066E673 /* PlaceholderCell.swift in Sources */ = {isa = PBXBuildFile; fileRef = C43B7422243643FA0066E673 /* PlaceholderCell.swift */; };
		C43B7425243643FA0066E673 /* PlaceholderCell.xib in Resources */ = {isa = PBXBuildFile; fileRef = C43B7423243643FA0066E673 /* PlaceholderCell.xib */; };
		C43B7427243645AB0066E673 /* PlaceholderViewModel.swift in Sources */ = {isa = PBXBuildFile; fileRef = C43B7426243645AB0066E673 /* PlaceholderViewModel.swift */; };
		C43B7429243646DF0066E673 /* Visibility.swift in Sources */ = {isa = PBXBuildFile; fileRef = C43B7428243646DF0066E673 /* Visibility.swift */; };
		C43B742B2436544D0066E673 /* PlaceholderCellButtonModel.swift in Sources */ = {isa = PBXBuildFile; fileRef = C43B742A2436544D0066E673 /* PlaceholderCellButtonModel.swift */; };
		C43B742D243659360066E673 /* PlaceholderSectionController.swift in Sources */ = {isa = PBXBuildFile; fileRef = C43B742C243659360066E673 /* PlaceholderSectionController.swift */; };
		C453DD1724332D5300FFD8CA /* RootRouterSpy.swift in Sources */ = {isa = PBXBuildFile; fileRef = C453DD1624332D5300FFD8CA /* RootRouterSpy.swift */; };
		C453DD1A243330A000FFD8CA /* UIAlertController+addActionFactory.swift in Sources */ = {isa = PBXBuildFile; fileRef = C453DD19243330A000FFD8CA /* UIAlertController+addActionFactory.swift */; };
		C453DD202433338B00FFD8CA /* LoadingCell.swift in Sources */ = {isa = PBXBuildFile; fileRef = C453DD1E2433338B00FFD8CA /* LoadingCell.swift */; };
		C453DD212433338B00FFD8CA /* LoadingCell.xib in Resources */ = {isa = PBXBuildFile; fileRef = C453DD1F2433338B00FFD8CA /* LoadingCell.xib */; };
		C453DD232433379900FFD8CA /* LoadingSectionController.swift in Sources */ = {isa = PBXBuildFile; fileRef = C453DD222433379900FFD8CA /* LoadingSectionController.swift */; };
		C462708C243713A700EAFFAB /* RepsitoryOwnerModel.swift in Sources */ = {isa = PBXBuildFile; fileRef = C462708B243713A700EAFFAB /* RepsitoryOwnerModel.swift */; };
		C462708E24371F5900EAFFAB /* UIView+roundCorners.swift in Sources */ = {isa = PBXBuildFile; fileRef = C462708D24371F5900EAFFAB /* UIView+roundCorners.swift */; };
		C46270902437279E00EAFFAB /* Connectivity.swift in Sources */ = {isa = PBXBuildFile; fileRef = C462708F2437279E00EAFFAB /* Connectivity.swift */; };
		C462709324373A6700EAFFAB /* ConnectivitySpy.swift in Sources */ = {isa = PBXBuildFile; fileRef = C462709224373A6700EAFFAB /* ConnectivitySpy.swift */; };
		C4D906672432445B00B34A20 /* AppDelegate.swift in Sources */ = {isa = PBXBuildFile; fileRef = C4D906662432445B00B34A20 /* AppDelegate.swift */; };
		C4D906702432445F00B34A20 /* Assets.xcassets in Resources */ = {isa = PBXBuildFile; fileRef = C4D9066F2432445F00B34A20 /* Assets.xcassets */; };
		C4D906732432445F00B34A20 /* LaunchScreen.storyboard in Resources */ = {isa = PBXBuildFile; fileRef = C4D906712432445F00B34A20 /* LaunchScreen.storyboard */; };
		C4D9068D24324AB400B34A20 /* AppDependencyContainer.swift in Sources */ = {isa = PBXBuildFile; fileRef = C4D9068C24324AB400B34A20 /* AppDependencyContainer.swift */; };
		C4D9068F24324B7E00B34A20 /* RootScreen.swift in Sources */ = {isa = PBXBuildFile; fileRef = C4D9068E24324B7E00B34A20 /* RootScreen.swift */; };
		C4D9069424324BF700B34A20 /* RootPresenter.swift in Sources */ = {isa = PBXBuildFile; fileRef = C4D9069324324BF700B34A20 /* RootPresenter.swift */; };
		C4D9069824324C6600B34A20 /* RootViewController.swift in Sources */ = {isa = PBXBuildFile; fileRef = C4D9069724324C6600B34A20 /* RootViewController.swift */; };
		C4D9069A24324D7000B34A20 /* RootDIContainer.swift in Sources */ = {isa = PBXBuildFile; fileRef = C4D9069924324D7000B34A20 /* RootDIContainer.swift */; };
		C4D9069D24324FA900B34A20 /* UIWindowConfigurable.swift in Sources */ = {isa = PBXBuildFile; fileRef = C4D9069C24324FA900B34A20 /* UIWindowConfigurable.swift */; };
		C4D906A12432501200B34A20 /* Presentable.swift in Sources */ = {isa = PBXBuildFile; fileRef = C4D906A02432501200B34A20 /* Presentable.swift */; };
		C4D906A92432577A00B34A20 /* RepositoriesListScreen.swift in Sources */ = {isa = PBXBuildFile; fileRef = C4D906A82432577A00B34A20 /* RepositoriesListScreen.swift */; };
		C4D906AB243257CD00B34A20 /* RepositoriesListVC.swift in Sources */ = {isa = PBXBuildFile; fileRef = C4D906AA243257CD00B34A20 /* RepositoriesListVC.swift */; };
		C4D906AD2432581400B34A20 /* RepositoriesListPresenter.swift in Sources */ = {isa = PBXBuildFile; fileRef = C4D906AC2432581400B34A20 /* RepositoriesListPresenter.swift */; };
		C4D906AF2432588000B34A20 /* RepositoriesList.storyboard in Resources */ = {isa = PBXBuildFile; fileRef = C4D906AE2432588000B34A20 /* RepositoriesList.storyboard */; };
		C4D906B1243258D800B34A20 /* RepositoriesListDIContainer.swift in Sources */ = {isa = PBXBuildFile; fileRef = C4D906B0243258D700B34A20 /* RepositoriesListDIContainer.swift */; };
		C4D906B424325F6C00B34A20 /* R.generated.swift in Sources */ = {isa = PBXBuildFile; fileRef = C4D906B324325F6C00B34A20 /* R.generated.swift */; };
		C4D906B82432617600B34A20 /* NetworkManager.swift in Sources */ = {isa = PBXBuildFile; fileRef = C4D906B72432617600B34A20 /* NetworkManager.swift */; };
		C4D906BA2432624200B34A20 /* Endpoint.swift in Sources */ = {isa = PBXBuildFile; fileRef = C4D906B92432624200B34A20 /* Endpoint.swift */; };
		C4D906BC2432626700B34A20 /* HttpMethod.swift in Sources */ = {isa = PBXBuildFile; fileRef = C4D906BB2432626700B34A20 /* HttpMethod.swift */; };
		C4D906BE243262C000B34A20 /* GitHubAPI.swift in Sources */ = {isa = PBXBuildFile; fileRef = C4D906BD243262C000B34A20 /* GitHubAPI.swift */; };
		C4D906C22432630000B34A20 /* SquareRepositoryModel.swift in Sources */ = {isa = PBXBuildFile; fileRef = C4D906C12432630000B34A20 /* SquareRepositoryModel.swift */; };
		C4D906C52432701200B34A20 /* RepositoriesListViewModel.swift in Sources */ = {isa = PBXBuildFile; fileRef = C4D906C42432701200B34A20 /* RepositoriesListViewModel.swift */; };
		C4D906C9243279A700B34A20 /* RepositoriesListSection.swift in Sources */ = {isa = PBXBuildFile; fileRef = C4D906C8243279A700B34A20 /* RepositoriesListSection.swift */; };
		C4D906CC24327B6200B34A20 /* ReposistoryListItemCell.swift in Sources */ = {isa = PBXBuildFile; fileRef = C4D906CA24327B6200B34A20 /* ReposistoryListItemCell.swift */; };
		C4D906CD24327B6200B34A20 /* ReposistoryListItemCell.xib in Resources */ = {isa = PBXBuildFile; fileRef = C4D906CB24327B6200B34A20 /* ReposistoryListItemCell.xib */; };
		C4D906D1243280A800B34A20 /* RepositoriesListItemSectionController.swift in Sources */ = {isa = PBXBuildFile; fileRef = C4D906D0243280A800B34A20 /* RepositoriesListItemSectionController.swift */; };
		C4D906D42432911000B34A20 /* RepositoriesListPresenterTests.swift in Sources */ = {isa = PBXBuildFile; fileRef = C4D906D32432911000B34A20 /* RepositoriesListPresenterTests.swift */; };
		C4D906D62432924400B34A20 /* RepositoriesListViewSpy.swift in Sources */ = {isa = PBXBuildFile; fileRef = C4D906D52432924400B34A20 /* RepositoriesListViewSpy.swift */; };
		C4D906D92433207F00B34A20 /* RepositoriesListRouterSpy.swift in Sources */ = {isa = PBXBuildFile; fileRef = C4D906D82433207F00B34A20 /* RepositoriesListRouterSpy.swift */; };
		C4D906DB243322F300B34A20 /* SquareRepositories_1.json in Resources */ = {isa = PBXBuildFile; fileRef = C4D906DA243322F300B34A20 /* SquareRepositories_1.json */; };
		C4D906DF243326A800B34A20 /* SquareRepositories_0.json in Resources */ = {isa = PBXBuildFile; fileRef = C4D906DE243326A800B34A20 /* SquareRepositories_0.json */; };
		C4D906E1243326C700B34A20 /* SquareRepositories_30.json in Resources */ = {isa = PBXBuildFile; fileRef = C4D906E0243326C700B34A20 /* SquareRepositories_30.json */; };
		C4D906E624332BC800B34A20 /* RootPresenterTests.swift in Sources */ = {isa = PBXBuildFile; fileRef = C4D906E524332BC800B34A20 /* RootPresenterTests.swift */; };
		C4E35C652433C8E500E9D724 /* UIFont+defaultFont.swift in Sources */ = {isa = PBXBuildFile; fileRef = C4E35C642433C8E500E9D724 /* UIFont+defaultFont.swift */; };
		C4E35C6B2433CA6500E9D724 /* Roboto-Medium.ttf in Resources */ = {isa = PBXBuildFile; fileRef = C4E35C672433CA6500E9D724 /* Roboto-Medium.ttf */; };
		C4E35C6C2433CA6500E9D724 /* Roboto-Regular.ttf in Resources */ = {isa = PBXBuildFile; fileRef = C4E35C682433CA6500E9D724 /* Roboto-Regular.ttf */; };
		C4E35C6D2433CA6500E9D724 /* Roboto-Italic.ttf in Resources */ = {isa = PBXBuildFile; fileRef = C4E35C692433CA6500E9D724 /* Roboto-Italic.ttf */; };
		C4E35C6E2433CA6500E9D724 /* Roboto-Bold.ttf in Resources */ = {isa = PBXBuildFile; fileRef = C4E35C6A2433CA6500E9D724 /* Roboto-Bold.ttf */; };
/* End PBXBuildFile section */

/* Begin PBXContainerItemProxy section */
		C4D9067A2432445F00B34A20 /* PBXContainerItemProxy */ = {
			isa = PBXContainerItemProxy;
			containerPortal = C4D9065B2432445B00B34A20 /* Project object */;
			proxyType = 1;
			remoteGlobalIDString = C4D906622432445B00B34A20;
			remoteInfo = MobilunityTestJob;
		};
/* End PBXContainerItemProxy section */

/* Begin PBXFileReference section */
		4859BABE908990C95C922049 /* Pods-MobilunityTestJobTests.release.xcconfig */ = {isa = PBXFileReference; includeInIndex = 1; lastKnownFileType = text.xcconfig; name = "Pods-MobilunityTestJobTests.release.xcconfig"; path = "Target Support Files/Pods-MobilunityTestJobTests/Pods-MobilunityTestJobTests.release.xcconfig"; sourceTree = "<group>"; };
		8E0344ABC0E77C26AD5CABC9 /* Pods_MobilunityTestJob.framework */ = {isa = PBXFileReference; explicitFileType = wrapper.framework; includeInIndex = 0; path = Pods_MobilunityTestJob.framework; sourceTree = BUILT_PRODUCTS_DIR; };
		A8AD0620EF6963498CA43DB6 /* Pods-MobilunityTestJob.release.xcconfig */ = {isa = PBXFileReference; includeInIndex = 1; lastKnownFileType = text.xcconfig; name = "Pods-MobilunityTestJob.release.xcconfig"; path = "Target Support Files/Pods-MobilunityTestJob/Pods-MobilunityTestJob.release.xcconfig"; sourceTree = "<group>"; };
		B6CF151410D6AF38DEFA7D65 /* Pods-MobilunityTestJobTests.debug.xcconfig */ = {isa = PBXFileReference; includeInIndex = 1; lastKnownFileType = text.xcconfig; name = "Pods-MobilunityTestJobTests.debug.xcconfig"; path = "Target Support Files/Pods-MobilunityTestJobTests/Pods-MobilunityTestJobTests.debug.xcconfig"; sourceTree = "<group>"; };
		C43B7422243643FA0066E673 /* PlaceholderCell.swift */ = {isa = PBXFileReference; lastKnownFileType = sourcecode.swift; path = PlaceholderCell.swift; sourceTree = "<group>"; };
		C43B7423243643FA0066E673 /* PlaceholderCell.xib */ = {isa = PBXFileReference; lastKnownFileType = file.xib; path = PlaceholderCell.xib; sourceTree = "<group>"; };
		C43B7426243645AB0066E673 /* PlaceholderViewModel.swift */ = {isa = PBXFileReference; lastKnownFileType = sourcecode.swift; path = PlaceholderViewModel.swift; sourceTree = "<group>"; };
		C43B7428243646DF0066E673 /* Visibility.swift */ = {isa = PBXFileReference; lastKnownFileType = sourcecode.swift; path = Visibility.swift; sourceTree = "<group>"; };
		C43B742A2436544D0066E673 /* PlaceholderCellButtonModel.swift */ = {isa = PBXFileReference; lastKnownFileType = sourcecode.swift; path = PlaceholderCellButtonModel.swift; sourceTree = "<group>"; };
		C43B742C243659360066E673 /* PlaceholderSectionController.swift */ = {isa = PBXFileReference; lastKnownFileType = sourcecode.swift; path = PlaceholderSectionController.swift; sourceTree = "<group>"; };
		C453DD1624332D5300FFD8CA /* RootRouterSpy.swift */ = {isa = PBXFileReference; lastKnownFileType = sourcecode.swift; path = RootRouterSpy.swift; sourceTree = "<group>"; };
		C453DD19243330A000FFD8CA /* UIAlertController+addActionFactory.swift */ = {isa = PBXFileReference; lastKnownFileType = sourcecode.swift; path = "UIAlertController+addActionFactory.swift"; sourceTree = "<group>"; };
		C453DD1E2433338B00FFD8CA /* LoadingCell.swift */ = {isa = PBXFileReference; lastKnownFileType = sourcecode.swift; path = LoadingCell.swift; sourceTree = "<group>"; };
		C453DD1F2433338B00FFD8CA /* LoadingCell.xib */ = {isa = PBXFileReference; lastKnownFileType = file.xib; path = LoadingCell.xib; sourceTree = "<group>"; };
		C453DD222433379900FFD8CA /* LoadingSectionController.swift */ = {isa = PBXFileReference; lastKnownFileType = sourcecode.swift; path = LoadingSectionController.swift; sourceTree = "<group>"; };
		C462708B243713A700EAFFAB /* RepsitoryOwnerModel.swift */ = {isa = PBXFileReference; lastKnownFileType = sourcecode.swift; path = RepsitoryOwnerModel.swift; sourceTree = "<group>"; };
		C462708D24371F5900EAFFAB /* UIView+roundCorners.swift */ = {isa = PBXFileReference; lastKnownFileType = sourcecode.swift; path = "UIView+roundCorners.swift"; sourceTree = "<group>"; };
		C462708F2437279E00EAFFAB /* Connectivity.swift */ = {isa = PBXFileReference; lastKnownFileType = sourcecode.swift; path = Connectivity.swift; sourceTree = "<group>"; };
		C462709224373A6700EAFFAB /* ConnectivitySpy.swift */ = {isa = PBXFileReference; lastKnownFileType = sourcecode.swift; path = ConnectivitySpy.swift; sourceTree = "<group>"; };
		C4D906632432445B00B34A20 /* MobilunityTestJob.app */ = {isa = PBXFileReference; explicitFileType = wrapper.application; includeInIndex = 0; path = MobilunityTestJob.app; sourceTree = BUILT_PRODUCTS_DIR; };
		C4D906662432445B00B34A20 /* AppDelegate.swift */ = {isa = PBXFileReference; lastKnownFileType = sourcecode.swift; path = AppDelegate.swift; sourceTree = "<group>"; };
		C4D9066F2432445F00B34A20 /* Assets.xcassets */ = {isa = PBXFileReference; lastKnownFileType = folder.assetcatalog; path = Assets.xcassets; sourceTree = "<group>"; };
		C4D906722432445F00B34A20 /* Base */ = {isa = PBXFileReference; lastKnownFileType = file.storyboard; name = Base; path = Base.lproj/LaunchScreen.storyboard; sourceTree = "<group>"; };
		C4D906742432445F00B34A20 /* Info.plist */ = {isa = PBXFileReference; lastKnownFileType = text.plist.xml; path = Info.plist; sourceTree = "<group>"; };
		C4D906792432445F00B34A20 /* MobilunityTestJobTests.xctest */ = {isa = PBXFileReference; explicitFileType = wrapper.cfbundle; includeInIndex = 0; path = MobilunityTestJobTests.xctest; sourceTree = BUILT_PRODUCTS_DIR; };
		C4D9067F2432445F00B34A20 /* Info.plist */ = {isa = PBXFileReference; lastKnownFileType = text.plist.xml; path = Info.plist; sourceTree = "<group>"; };
		C4D9068C24324AB400B34A20 /* AppDependencyContainer.swift */ = {isa = PBXFileReference; lastKnownFileType = sourcecode.swift; path = AppDependencyContainer.swift; sourceTree = "<group>"; };
		C4D9068E24324B7E00B34A20 /* RootScreen.swift */ = {isa = PBXFileReference; lastKnownFileType = sourcecode.swift; path = RootScreen.swift; sourceTree = "<group>"; };
		C4D9069324324BF700B34A20 /* RootPresenter.swift */ = {isa = PBXFileReference; lastKnownFileType = sourcecode.swift; path = RootPresenter.swift; sourceTree = "<group>"; };
		C4D9069724324C6600B34A20 /* RootViewController.swift */ = {isa = PBXFileReference; lastKnownFileType = sourcecode.swift; path = RootViewController.swift; sourceTree = "<group>"; };
		C4D9069924324D7000B34A20 /* RootDIContainer.swift */ = {isa = PBXFileReference; lastKnownFileType = sourcecode.swift; path = RootDIContainer.swift; sourceTree = "<group>"; };
		C4D9069C24324FA900B34A20 /* UIWindowConfigurable.swift */ = {isa = PBXFileReference; lastKnownFileType = sourcecode.swift; path = UIWindowConfigurable.swift; sourceTree = "<group>"; };
		C4D906A02432501200B34A20 /* Presentable.swift */ = {isa = PBXFileReference; lastKnownFileType = sourcecode.swift; path = Presentable.swift; sourceTree = "<group>"; };
		C4D906A82432577A00B34A20 /* RepositoriesListScreen.swift */ = {isa = PBXFileReference; lastKnownFileType = sourcecode.swift; path = RepositoriesListScreen.swift; sourceTree = "<group>"; };
		C4D906AA243257CD00B34A20 /* RepositoriesListVC.swift */ = {isa = PBXFileReference; lastKnownFileType = sourcecode.swift; path = RepositoriesListVC.swift; sourceTree = "<group>"; };
		C4D906AC2432581400B34A20 /* RepositoriesListPresenter.swift */ = {isa = PBXFileReference; lastKnownFileType = sourcecode.swift; path = RepositoriesListPresenter.swift; sourceTree = "<group>"; };
		C4D906AE2432588000B34A20 /* RepositoriesList.storyboard */ = {isa = PBXFileReference; lastKnownFileType = file.storyboard; path = RepositoriesList.storyboard; sourceTree = "<group>"; };
		C4D906B0243258D700B34A20 /* RepositoriesListDIContainer.swift */ = {isa = PBXFileReference; lastKnownFileType = sourcecode.swift; path = RepositoriesListDIContainer.swift; sourceTree = "<group>"; };
		C4D906B324325F6C00B34A20 /* R.generated.swift */ = {isa = PBXFileReference; fileEncoding = 4; lastKnownFileType = sourcecode.swift; path = R.generated.swift; sourceTree = "<group>"; };
		C4D906B72432617600B34A20 /* NetworkManager.swift */ = {isa = PBXFileReference; lastKnownFileType = sourcecode.swift; path = NetworkManager.swift; sourceTree = "<group>"; };
		C4D906B92432624200B34A20 /* Endpoint.swift */ = {isa = PBXFileReference; lastKnownFileType = sourcecode.swift; path = Endpoint.swift; sourceTree = "<group>"; };
		C4D906BB2432626700B34A20 /* HttpMethod.swift */ = {isa = PBXFileReference; lastKnownFileType = sourcecode.swift; path = HttpMethod.swift; sourceTree = "<group>"; };
		C4D906BD243262C000B34A20 /* GitHubAPI.swift */ = {isa = PBXFileReference; lastKnownFileType = sourcecode.swift; path = GitHubAPI.swift; sourceTree = "<group>"; };
		C4D906C12432630000B34A20 /* SquareRepositoryModel.swift */ = {isa = PBXFileReference; lastKnownFileType = sourcecode.swift; path = SquareRepositoryModel.swift; sourceTree = "<group>"; };
		C4D906C42432701200B34A20 /* RepositoriesListViewModel.swift */ = {isa = PBXFileReference; lastKnownFileType = sourcecode.swift; path = RepositoriesListViewModel.swift; sourceTree = "<group>"; };
		C4D906C8243279A700B34A20 /* RepositoriesListSection.swift */ = {isa = PBXFileReference; lastKnownFileType = sourcecode.swift; path = RepositoriesListSection.swift; sourceTree = "<group>"; };
		C4D906CA24327B6200B34A20 /* ReposistoryListItemCell.swift */ = {isa = PBXFileReference; lastKnownFileType = sourcecode.swift; path = ReposistoryListItemCell.swift; sourceTree = "<group>"; };
		C4D906CB24327B6200B34A20 /* ReposistoryListItemCell.xib */ = {isa = PBXFileReference; lastKnownFileType = file.xib; path = ReposistoryListItemCell.xib; sourceTree = "<group>"; };
		C4D906D0243280A800B34A20 /* RepositoriesListItemSectionController.swift */ = {isa = PBXFileReference; lastKnownFileType = sourcecode.swift; path = RepositoriesListItemSectionController.swift; sourceTree = "<group>"; };
		C4D906D32432911000B34A20 /* RepositoriesListPresenterTests.swift */ = {isa = PBXFileReference; lastKnownFileType = sourcecode.swift; path = RepositoriesListPresenterTests.swift; sourceTree = "<group>"; };
		C4D906D52432924400B34A20 /* RepositoriesListViewSpy.swift */ = {isa = PBXFileReference; lastKnownFileType = sourcecode.swift; path = RepositoriesListViewSpy.swift; sourceTree = "<group>"; };
		C4D906D82433207F00B34A20 /* RepositoriesListRouterSpy.swift */ = {isa = PBXFileReference; lastKnownFileType = sourcecode.swift; path = RepositoriesListRouterSpy.swift; sourceTree = "<group>"; };
		C4D906DA243322F300B34A20 /* SquareRepositories_1.json */ = {isa = PBXFileReference; lastKnownFileType = text.json; path = SquareRepositories_1.json; sourceTree = "<group>"; };
		C4D906DE243326A800B34A20 /* SquareRepositories_0.json */ = {isa = PBXFileReference; lastKnownFileType = text.json; path = SquareRepositories_0.json; sourceTree = "<group>"; };
		C4D906E0243326C700B34A20 /* SquareRepositories_30.json */ = {isa = PBXFileReference; lastKnownFileType = text.json; path = SquareRepositories_30.json; sourceTree = "<group>"; };
		C4D906E524332BC800B34A20 /* RootPresenterTests.swift */ = {isa = PBXFileReference; lastKnownFileType = sourcecode.swift; path = RootPresenterTests.swift; sourceTree = "<group>"; };
		C4E35C642433C8E500E9D724 /* UIFont+defaultFont.swift */ = {isa = PBXFileReference; lastKnownFileType = sourcecode.swift; path = "UIFont+defaultFont.swift"; sourceTree = "<group>"; };
		C4E35C672433CA6500E9D724 /* Roboto-Medium.ttf */ = {isa = PBXFileReference; lastKnownFileType = file; path = "Roboto-Medium.ttf"; sourceTree = "<group>"; };
		C4E35C682433CA6500E9D724 /* Roboto-Regular.ttf */ = {isa = PBXFileReference; lastKnownFileType = file; path = "Roboto-Regular.ttf"; sourceTree = "<group>"; };
		C4E35C692433CA6500E9D724 /* Roboto-Italic.ttf */ = {isa = PBXFileReference; lastKnownFileType = file; path = "Roboto-Italic.ttf"; sourceTree = "<group>"; };
		C4E35C6A2433CA6500E9D724 /* Roboto-Bold.ttf */ = {isa = PBXFileReference; lastKnownFileType = file; path = "Roboto-Bold.ttf"; sourceTree = "<group>"; };
		D45263C9249D4C943F195F8A /* Pods-MobilunityTestJob.debug.xcconfig */ = {isa = PBXFileReference; includeInIndex = 1; lastKnownFileType = text.xcconfig; name = "Pods-MobilunityTestJob.debug.xcconfig"; path = "Target Support Files/Pods-MobilunityTestJob/Pods-MobilunityTestJob.debug.xcconfig"; sourceTree = "<group>"; };
		F7933F322F266233DB89414C /* Pods_MobilunityTestJobTests.framework */ = {isa = PBXFileReference; explicitFileType = wrapper.framework; includeInIndex = 0; path = Pods_MobilunityTestJobTests.framework; sourceTree = BUILT_PRODUCTS_DIR; };
/* End PBXFileReference section */

/* Begin PBXFrameworksBuildPhase section */
		C4D906602432445B00B34A20 /* Frameworks */ = {
			isa = PBXFrameworksBuildPhase;
			buildActionMask = 2147483647;
			files = (
				5060C7A387F41B9267E65CE4 /* Pods_MobilunityTestJob.framework in Frameworks */,
			);
			runOnlyForDeploymentPostprocessing = 0;
		};
		C4D906762432445F00B34A20 /* Frameworks */ = {
			isa = PBXFrameworksBuildPhase;
			buildActionMask = 2147483647;
			files = (
				00BCF5E72D3226E252BA074C /* Pods_MobilunityTestJobTests.framework in Frameworks */,
			);
			runOnlyForDeploymentPostprocessing = 0;
		};
/* End PBXFrameworksBuildPhase section */

/* Begin PBXGroup section */
		BF1673BFFC81EEB21E132D44 /* Frameworks */ = {
			isa = PBXGroup;
			children = (
				8E0344ABC0E77C26AD5CABC9 /* Pods_MobilunityTestJob.framework */,
				F7933F322F266233DB89414C /* Pods_MobilunityTestJobTests.framework */,
			);
			name = Frameworks;
			sourceTree = "<group>";
		};
		C453DD182433308500FFD8CA /* Extensions */ = {
			isa = PBXGroup;
			children = (
				C453DD19243330A000FFD8CA /* UIAlertController+addActionFactory.swift */,
				C4E35C642433C8E500E9D724 /* UIFont+defaultFont.swift */,
				C462708D24371F5900EAFFAB /* UIView+roundCorners.swift */,
			);
			path = Extensions;
			sourceTree = "<group>";
		};
		C453DD1D2433336F00FFD8CA /* LoadingCell */ = {
			isa = PBXGroup;
			children = (
				C453DD1E2433338B00FFD8CA /* LoadingCell.swift */,
				C453DD1F2433338B00FFD8CA /* LoadingCell.xib */,
			);
			path = LoadingCell;
			sourceTree = "<group>";
		};
		C45CB8F9243642C400B345DF /* PlaceholderCell */ = {
			isa = PBXGroup;
			children = (
				C43B7422243643FA0066E673 /* PlaceholderCell.swift */,
				C43B7423243643FA0066E673 /* PlaceholderCell.xib */,
				C43B7426243645AB0066E673 /* PlaceholderViewModel.swift */,
				C43B742A2436544D0066E673 /* PlaceholderCellButtonModel.swift */,
			);
			path = PlaceholderCell;
			sourceTree = "<group>";
		};
		C462709124373A5200EAFFAB /* Common */ = {
			isa = PBXGroup;
			children = (
				C462709224373A6700EAFFAB /* ConnectivitySpy.swift */,
			);
			path = Common;
			sourceTree = "<group>";
		};
		C4D9065A2432445B00B34A20 = {
			isa = PBXGroup;
			children = (
				C4D906652432445B00B34A20 /* MobilunityTestJob */,
				C4D9067C2432445F00B34A20 /* MobilunityTestJobTests */,
				C4D906642432445B00B34A20 /* Products */,
				D2DC620FA52769E56CFBCB04 /* Pods */,
				BF1673BFFC81EEB21E132D44 /* Frameworks */,
			);
			sourceTree = "<group>";
		};
		C4D906642432445B00B34A20 /* Products */ = {
			isa = PBXGroup;
			children = (
				C4D906632432445B00B34A20 /* MobilunityTestJob.app */,
				C4D906792432445F00B34A20 /* MobilunityTestJobTests.xctest */,
			);
			name = Products;
			sourceTree = "<group>";
		};
		C4D906652432445B00B34A20 /* MobilunityTestJob */ = {
			isa = PBXGroup;
			children = (
				C4D906662432445B00B34A20 /* AppDelegate.swift */,
				C4D9068B24324A9600B34A20 /* DI */,
				C4D906BF243262DD00B34A20 /* Models */,
				C4D90688243249B200B34A20 /* Configuration */,
				C4D9068A243249DB00B34A20 /* Resources */,
				C4D9069B24324F9700B34A20 /* Protocols */,
				C4D906B52432611700B34A20 /* Services */,
				C453DD182433308500FFD8CA /* Extensions */,
				C4D90689243249CC00B34A20 /* Scenes */,
			);
			path = MobilunityTestJob;
			sourceTree = "<group>";
		};
		C4D9067C2432445F00B34A20 /* MobilunityTestJobTests */ = {
			isa = PBXGroup;
			children = (
				C462709124373A5200EAFFAB /* Common */,
				C4D906E224332B6700B34A20 /* Root */,
				C4D906D2243290DD00B34A20 /* RepositoriesList */,
				C4D906DC2433267800B34A20 /* MockedData */,
				C4D9067F2432445F00B34A20 /* Info.plist */,
			);
			path = MobilunityTestJobTests;
			sourceTree = "<group>";
		};
		C4D90688243249B200B34A20 /* Configuration */ = {
			isa = PBXGroup;
			children = (
				C4D906742432445F00B34A20 /* Info.plist */,
			);
			path = Configuration;
			sourceTree = "<group>";
		};
		C4D90689243249CC00B34A20 /* Scenes */ = {
			isa = PBXGroup;
			children = (
				C4D906A2243255A800B34A20 /* Root */,
				C4D906A3243255FC00B34A20 /* RepositoriesList */,
			);
			path = Scenes;
			sourceTree = "<group>";
		};
		C4D9068A243249DB00B34A20 /* Resources */ = {
			isa = PBXGroup;
			children = (
				C4E35C662433CA6500E9D724 /* Fonts */,
				C4D9066F2432445F00B34A20 /* Assets.xcassets */,
				C4D906712432445F00B34A20 /* LaunchScreen.storyboard */,
				C4D906B324325F6C00B34A20 /* R.generated.swift */,
			);
			path = Resources;
			sourceTree = "<group>";
		};
		C4D9068B24324A9600B34A20 /* DI */ = {
			isa = PBXGroup;
			children = (
				C4D9068C24324AB400B34A20 /* AppDependencyContainer.swift */,
				C4D9069924324D7000B34A20 /* RootDIContainer.swift */,
				C4D906B0243258D700B34A20 /* RepositoriesListDIContainer.swift */,
			);
			path = DI;
			sourceTree = "<group>";
		};
		C4D9069024324B8800B34A20 /* AssemblerRouter */ = {
			isa = PBXGroup;
			children = (
				C4D9068E24324B7E00B34A20 /* RootScreen.swift */,
			);
			path = AssemblerRouter;
			sourceTree = "<group>";
		};
		C4D9069124324BA500B34A20 /* Presenter */ = {
			isa = PBXGroup;
			children = (
				C4D9069324324BF700B34A20 /* RootPresenter.swift */,
			);
			path = Presenter;
			sourceTree = "<group>";
		};
		C4D9069224324BAD00B34A20 /* Controller */ = {
			isa = PBXGroup;
			children = (
				C4D9069724324C6600B34A20 /* RootViewController.swift */,
			);
			path = Controller;
			sourceTree = "<group>";
		};
		C4D9069B24324F9700B34A20 /* Protocols */ = {
			isa = PBXGroup;
			children = (
				C4D9069C24324FA900B34A20 /* UIWindowConfigurable.swift */,
				C4D906A02432501200B34A20 /* Presentable.swift */,
			);
			path = Protocols;
			sourceTree = "<group>";
		};
		C4D906A2243255A800B34A20 /* Root */ = {
			isa = PBXGroup;
			children = (
				C4D9069024324B8800B34A20 /* AssemblerRouter */,
				C4D9069124324BA500B34A20 /* Presenter */,
				C4D9069224324BAD00B34A20 /* Controller */,
			);
			path = Root;
			sourceTree = "<group>";
		};
		C4D906A3243255FC00B34A20 /* RepositoriesList */ = {
			isa = PBXGroup;
			children = (
				C4D906CF2432807E00B34A20 /* Sections */,
				C4D906A42432561500B34A20 /* AssemblerRouter */,
				C4D906A72432564200B34A20 /* Presenter */,
				C4D906A52432562300B34A20 /* Controller */,
				C4D906A62432562F00B34A20 /* Views */,
				C4D906C324326FE100B34A20 /* Models */,
			);
			path = RepositoriesList;
			sourceTree = "<group>";
		};
		C4D906A42432561500B34A20 /* AssemblerRouter */ = {
			isa = PBXGroup;
			children = (
				C4D906A82432577A00B34A20 /* RepositoriesListScreen.swift */,
			);
			path = AssemblerRouter;
			sourceTree = "<group>";
		};
		C4D906A52432562300B34A20 /* Controller */ = {
			isa = PBXGroup;
			children = (
				C4D906AA243257CD00B34A20 /* RepositoriesListVC.swift */,
			);
			path = Controller;
			sourceTree = "<group>";
		};
		C4D906A62432562F00B34A20 /* Views */ = {
			isa = PBXGroup;
			children = (
				C4D906AE2432588000B34A20 /* RepositoriesList.storyboard */,
				C4D906CE24327BB000B34A20 /* ReposistoryListItemCell */,
				C45CB8F9243642C400B345DF /* PlaceholderCell */,
				C453DD1D2433336F00FFD8CA /* LoadingCell */,
			);
			path = Views;
			sourceTree = "<group>";
		};
		C4D906A72432564200B34A20 /* Presenter */ = {
			isa = PBXGroup;
			children = (
				C4D906AC2432581400B34A20 /* RepositoriesListPresenter.swift */,
			);
			path = Presenter;
			sourceTree = "<group>";
		};
		C4D906B52432611700B34A20 /* Services */ = {
			isa = PBXGroup;
			children = (
				C4D906B62432615200B34A20 /* NetworkManager */,
			);
			path = Services;
			sourceTree = "<group>";
		};
		C4D906B62432615200B34A20 /* NetworkManager */ = {
			isa = PBXGroup;
			children = (
				C4D906B72432617600B34A20 /* NetworkManager.swift */,
				C4D906B92432624200B34A20 /* Endpoint.swift */,
				C4D906BB2432626700B34A20 /* HttpMethod.swift */,
				C4D906BD243262C000B34A20 /* GitHubAPI.swift */,
				C462708F2437279E00EAFFAB /* Connectivity.swift */,
			);
			path = NetworkManager;
			sourceTree = "<group>";
		};
		C4D906BF243262DD00B34A20 /* Models */ = {
			isa = PBXGroup;
			children = (
				C4D906C0243262EA00B34A20 /* Repository */,
				C43B7428243646DF0066E673 /* Visibility.swift */,
			);
			path = Models;
			sourceTree = "<group>";
		};
		C4D906C0243262EA00B34A20 /* Repository */ = {
			isa = PBXGroup;
			children = (
				C4D906C12432630000B34A20 /* SquareRepositoryModel.swift */,
				C462708B243713A700EAFFAB /* RepsitoryOwnerModel.swift */,
			);
			path = Repository;
			sourceTree = "<group>";
		};
		C4D906C324326FE100B34A20 /* Models */ = {
			isa = PBXGroup;
			children = (
				C4D906C42432701200B34A20 /* RepositoriesListViewModel.swift */,
				C4D906C8243279A700B34A20 /* RepositoriesListSection.swift */,
			);
			path = Models;
			sourceTree = "<group>";
		};
		C4D906CE24327BB000B34A20 /* ReposistoryListItemCell */ = {
			isa = PBXGroup;
			children = (
				C4D906CA24327B6200B34A20 /* ReposistoryListItemCell.swift */,
				C4D906CB24327B6200B34A20 /* ReposistoryListItemCell.xib */,
			);
			path = ReposistoryListItemCell;
			sourceTree = "<group>";
		};
		C4D906CF2432807E00B34A20 /* Sections */ = {
			isa = PBXGroup;
			children = (
				C4D906D0243280A800B34A20 /* RepositoriesListItemSectionController.swift */,
				C453DD222433379900FFD8CA /* LoadingSectionController.swift */,
				C43B742C243659360066E673 /* PlaceholderSectionController.swift */,
			);
			path = Sections;
			sourceTree = "<group>";
		};
		C4D906D2243290DD00B34A20 /* RepositoriesList */ = {
			isa = PBXGroup;
			children = (
				C4D906D32432911000B34A20 /* RepositoriesListPresenterTests.swift */,
				C4D906D82433207F00B34A20 /* RepositoriesListRouterSpy.swift */,
				C4D906D52432924400B34A20 /* RepositoriesListViewSpy.swift */,
			);
			path = RepositoriesList;
			sourceTree = "<group>";
		};
		C4D906DC2433267800B34A20 /* MockedData */ = {
			isa = PBXGroup;
			children = (
				C4D906DD2433268800B34A20 /* RepositoriesList */,
			);
			path = MockedData;
			sourceTree = "<group>";
		};
		C4D906DD2433268800B34A20 /* RepositoriesList */ = {
			isa = PBXGroup;
			children = (
				C4D906DE243326A800B34A20 /* SquareRepositories_0.json */,
				C4D906DA243322F300B34A20 /* SquareRepositories_1.json */,
				C4D906E0243326C700B34A20 /* SquareRepositories_30.json */,
			);
			path = RepositoriesList;
			sourceTree = "<group>";
		};
		C4D906E224332B6700B34A20 /* Root */ = {
			isa = PBXGroup;
			children = (
				C4D906E524332BC800B34A20 /* RootPresenterTests.swift */,
				C453DD1624332D5300FFD8CA /* RootRouterSpy.swift */,
			);
			path = Root;
			sourceTree = "<group>";
		};
		C4E35C662433CA6500E9D724 /* Fonts */ = {
			isa = PBXGroup;
			children = (
				C4E35C672433CA6500E9D724 /* Roboto-Medium.ttf */,
				C4E35C682433CA6500E9D724 /* Roboto-Regular.ttf */,
				C4E35C692433CA6500E9D724 /* Roboto-Italic.ttf */,
				C4E35C6A2433CA6500E9D724 /* Roboto-Bold.ttf */,
			);
			path = Fonts;
			sourceTree = "<group>";
		};
		D2DC620FA52769E56CFBCB04 /* Pods */ = {
			isa = PBXGroup;
			children = (
				D45263C9249D4C943F195F8A /* Pods-MobilunityTestJob.debug.xcconfig */,
				A8AD0620EF6963498CA43DB6 /* Pods-MobilunityTestJob.release.xcconfig */,
				B6CF151410D6AF38DEFA7D65 /* Pods-MobilunityTestJobTests.debug.xcconfig */,
				4859BABE908990C95C922049 /* Pods-MobilunityTestJobTests.release.xcconfig */,
			);
			path = Pods;
			sourceTree = "<group>";
		};
/* End PBXGroup section */

/* Begin PBXNativeTarget section */
		C4D906622432445B00B34A20 /* MobilunityTestJob */ = {
			isa = PBXNativeTarget;
			buildConfigurationList = C4D906822432445F00B34A20 /* Build configuration list for PBXNativeTarget "MobilunityTestJob" */;
			buildPhases = (
				F5385F49560FCD7A9DBFC9C1 /* [CP] Check Pods Manifest.lock */,
				C4D906B224325F1200B34A20 /* R.swift */,
				C4D9065F2432445B00B34A20 /* Sources */,
				C4D906602432445B00B34A20 /* Frameworks */,
				C4D906612432445B00B34A20 /* Resources */,
				46DE177738A16A8C3531A01B /* [CP] Embed Pods Frameworks */,
			);
			buildRules = (
			);
			dependencies = (
			);
			name = MobilunityTestJob;
			productName = MobilunityTestJob;
			productReference = C4D906632432445B00B34A20 /* MobilunityTestJob.app */;
			productType = "com.apple.product-type.application";
		};
		C4D906782432445F00B34A20 /* MobilunityTestJobTests */ = {
			isa = PBXNativeTarget;
			buildConfigurationList = C4D906852432445F00B34A20 /* Build configuration list for PBXNativeTarget "MobilunityTestJobTests" */;
			buildPhases = (
				527910AD172A376CF4843B0E /* [CP] Check Pods Manifest.lock */,
				C4D906752432445F00B34A20 /* Sources */,
				C4D906762432445F00B34A20 /* Frameworks */,
				C4D906772432445F00B34A20 /* Resources */,
				3A9E0EB6217C2B80719135A9 /* [CP] Embed Pods Frameworks */,
			);
			buildRules = (
			);
			dependencies = (
				C4D9067B2432445F00B34A20 /* PBXTargetDependency */,
			);
			name = MobilunityTestJobTests;
			productName = MobilunityTestJobTests;
			productReference = C4D906792432445F00B34A20 /* MobilunityTestJobTests.xctest */;
			productType = "com.apple.product-type.bundle.unit-test";
		};
/* End PBXNativeTarget section */

/* Begin PBXProject section */
		C4D9065B2432445B00B34A20 /* Project object */ = {
			isa = PBXProject;
			attributes = {
				LastSwiftUpdateCheck = 1130;
				LastUpgradeCheck = 1130;
				ORGANIZATIONNAME = "Yaroslav Zhurbilo";
				TargetAttributes = {
					C4D906622432445B00B34A20 = {
						CreatedOnToolsVersion = 11.3.1;
					};
					C4D906782432445F00B34A20 = {
						CreatedOnToolsVersion = 11.3.1;
						TestTargetID = C4D906622432445B00B34A20;
					};
				};
			};
			buildConfigurationList = C4D9065E2432445B00B34A20 /* Build configuration list for PBXProject "MobilunityTestJob" */;
			compatibilityVersion = "Xcode 9.3";
			developmentRegion = en;
			hasScannedForEncodings = 0;
			knownRegions = (
				en,
				Base,
			);
			mainGroup = C4D9065A2432445B00B34A20;
			productRefGroup = C4D906642432445B00B34A20 /* Products */;
			projectDirPath = "";
			projectRoot = "";
			targets = (
				C4D906622432445B00B34A20 /* MobilunityTestJob */,
				C4D906782432445F00B34A20 /* MobilunityTestJobTests */,
			);
		};
/* End PBXProject section */

/* Begin PBXResourcesBuildPhase section */
		C4D906612432445B00B34A20 /* Resources */ = {
			isa = PBXResourcesBuildPhase;
			buildActionMask = 2147483647;
			files = (
				C4D906AF2432588000B34A20 /* RepositoriesList.storyboard in Resources */,
				C4E35C6C2433CA6500E9D724 /* Roboto-Regular.ttf in Resources */,
				C4D906732432445F00B34A20 /* LaunchScreen.storyboard in Resources */,
				C4E35C6B2433CA6500E9D724 /* Roboto-Medium.ttf in Resources */,
				C4D906CD24327B6200B34A20 /* ReposistoryListItemCell.xib in Resources */,
				C4E35C6E2433CA6500E9D724 /* Roboto-Bold.ttf in Resources */,
				C4E35C6D2433CA6500E9D724 /* Roboto-Italic.ttf in Resources */,
				C453DD212433338B00FFD8CA /* LoadingCell.xib in Resources */,
				C4D906702432445F00B34A20 /* Assets.xcassets in Resources */,
				C43B7425243643FA0066E673 /* PlaceholderCell.xib in Resources */,
			);
			runOnlyForDeploymentPostprocessing = 0;
		};
		C4D906772432445F00B34A20 /* Resources */ = {
			isa = PBXResourcesBuildPhase;
			buildActionMask = 2147483647;
			files = (
				C4D906DB243322F300B34A20 /* SquareRepositories_1.json in Resources */,
				C4D906DF243326A800B34A20 /* SquareRepositories_0.json in Resources */,
				C4D906E1243326C700B34A20 /* SquareRepositories_30.json in Resources */,
			);
			runOnlyForDeploymentPostprocessing = 0;
		};
/* End PBXResourcesBuildPhase section */

/* Begin PBXShellScriptBuildPhase section */
		3A9E0EB6217C2B80719135A9 /* [CP] Embed Pods Frameworks */ = {
			isa = PBXShellScriptBuildPhase;
			buildActionMask = 2147483647;
			files = (
			);
			inputFileListPaths = (
				"${PODS_ROOT}/Target Support Files/Pods-MobilunityTestJobTests/Pods-MobilunityTestJobTests-frameworks-${CONFIGURATION}-input-files.xcfilelist",
			);
			name = "[CP] Embed Pods Frameworks";
			outputFileListPaths = (
				"${PODS_ROOT}/Target Support Files/Pods-MobilunityTestJobTests/Pods-MobilunityTestJobTests-frameworks-${CONFIGURATION}-output-files.xcfilelist",
			);
			runOnlyForDeploymentPostprocessing = 0;
			shellPath = /bin/sh;
			shellScript = "\"${PODS_ROOT}/Target Support Files/Pods-MobilunityTestJobTests/Pods-MobilunityTestJobTests-frameworks.sh\"\n";
			showEnvVarsInLog = 0;
		};
		46DE177738A16A8C3531A01B /* [CP] Embed Pods Frameworks */ = {
			isa = PBXShellScriptBuildPhase;
			buildActionMask = 2147483647;
			files = (
			);
			inputFileListPaths = (
				"${PODS_ROOT}/Target Support Files/Pods-MobilunityTestJob/Pods-MobilunityTestJob-frameworks-${CONFIGURATION}-input-files.xcfilelist",
			);
			name = "[CP] Embed Pods Frameworks";
			outputFileListPaths = (
				"${PODS_ROOT}/Target Support Files/Pods-MobilunityTestJob/Pods-MobilunityTestJob-frameworks-${CONFIGURATION}-output-files.xcfilelist",
			);
			runOnlyForDeploymentPostprocessing = 0;
			shellPath = /bin/sh;
			shellScript = "\"${PODS_ROOT}/Target Support Files/Pods-MobilunityTestJob/Pods-MobilunityTestJob-frameworks.sh\"\n";
			showEnvVarsInLog = 0;
		};
		527910AD172A376CF4843B0E /* [CP] Check Pods Manifest.lock */ = {
			isa = PBXShellScriptBuildPhase;
			buildActionMask = 2147483647;
			files = (
			);
			inputFileListPaths = (
			);
			inputPaths = (
				"${PODS_PODFILE_DIR_PATH}/Podfile.lock",
				"${PODS_ROOT}/Manifest.lock",
			);
			name = "[CP] Check Pods Manifest.lock";
			outputFileListPaths = (
			);
			outputPaths = (
				"$(DERIVED_FILE_DIR)/Pods-MobilunityTestJobTests-checkManifestLockResult.txt",
			);
			runOnlyForDeploymentPostprocessing = 0;
			shellPath = /bin/sh;
			shellScript = "diff \"${PODS_PODFILE_DIR_PATH}/Podfile.lock\" \"${PODS_ROOT}/Manifest.lock\" > /dev/null\nif [ $? != 0 ] ; then\n    # print error to STDERR\n    echo \"error: The sandbox is not in sync with the Podfile.lock. Run 'pod install' or update your CocoaPods installation.\" >&2\n    exit 1\nfi\n# This output is used by Xcode 'outputs' to avoid re-running this script phase.\necho \"SUCCESS\" > \"${SCRIPT_OUTPUT_FILE_0}\"\n";
			showEnvVarsInLog = 0;
		};
		C4D906B224325F1200B34A20 /* R.swift */ = {
			isa = PBXShellScriptBuildPhase;
			buildActionMask = 2147483647;
			files = (
			);
			inputFileListPaths = (
			);
			inputPaths = (
				"$TEMP_DIR/rswift-lastrun",
			);
			name = R.swift;
			outputFileListPaths = (
			);
			outputPaths = (
				$SRCROOT/MobilunityTestJob/Resources/R.generated.swift,
			);
			runOnlyForDeploymentPostprocessing = 0;
			shellPath = /bin/sh;
			shellScript = "\"$PODS_ROOT/R.swift/rswift\" generate \"$SRCROOT/MobilunityTestJob/Resources/R.generated.swift\"\n";
		};
		F5385F49560FCD7A9DBFC9C1 /* [CP] Check Pods Manifest.lock */ = {
			isa = PBXShellScriptBuildPhase;
			buildActionMask = 2147483647;
			files = (
			);
			inputFileListPaths = (
			);
			inputPaths = (
				"${PODS_PODFILE_DIR_PATH}/Podfile.lock",
				"${PODS_ROOT}/Manifest.lock",
			);
			name = "[CP] Check Pods Manifest.lock";
			outputFileListPaths = (
			);
			outputPaths = (
				"$(DERIVED_FILE_DIR)/Pods-MobilunityTestJob-checkManifestLockResult.txt",
			);
			runOnlyForDeploymentPostprocessing = 0;
			shellPath = /bin/sh;
			shellScript = "diff \"${PODS_PODFILE_DIR_PATH}/Podfile.lock\" \"${PODS_ROOT}/Manifest.lock\" > /dev/null\nif [ $? != 0 ] ; then\n    # print error to STDERR\n    echo \"error: The sandbox is not in sync with the Podfile.lock. Run 'pod install' or update your CocoaPods installation.\" >&2\n    exit 1\nfi\n# This output is used by Xcode 'outputs' to avoid re-running this script phase.\necho \"SUCCESS\" > \"${SCRIPT_OUTPUT_FILE_0}\"\n";
			showEnvVarsInLog = 0;
		};
/* End PBXShellScriptBuildPhase section */

/* Begin PBXSourcesBuildPhase section */
		C4D9065F2432445B00B34A20 /* Sources */ = {
			isa = PBXSourcesBuildPhase;
			buildActionMask = 2147483647;
			files = (
				C4D906D1243280A800B34A20 /* RepositoriesListItemSectionController.swift in Sources */,
				C462708C243713A700EAFFAB /* RepsitoryOwnerModel.swift in Sources */,
				C46270902437279E00EAFFAB /* Connectivity.swift in Sources */,
				C4E35C652433C8E500E9D724 /* UIFont+defaultFont.swift in Sources */,
				C4D906CC24327B6200B34A20 /* ReposistoryListItemCell.swift in Sources */,
				C4D9069824324C6600B34A20 /* RootViewController.swift in Sources */,
				C4D906C9243279A700B34A20 /* RepositoriesListSection.swift in Sources */,
				C43B7424243643FA0066E673 /* PlaceholderCell.swift in Sources */,
				C4D906BE243262C000B34A20 /* GitHubAPI.swift in Sources */,
				C4D906A12432501200B34A20 /* Presentable.swift in Sources */,
				C43B742B2436544D0066E673 /* PlaceholderCellButtonModel.swift in Sources */,
				C43B7427243645AB0066E673 /* PlaceholderViewModel.swift in Sources */,
				C4D9068D24324AB400B34A20 /* AppDependencyContainer.swift in Sources */,
				C4D906672432445B00B34A20 /* AppDelegate.swift in Sources */,
				C462708E24371F5900EAFFAB /* UIView+roundCorners.swift in Sources */,
				C4D906BA2432624200B34A20 /* Endpoint.swift in Sources */,
				C4D906C22432630000B34A20 /* SquareRepositoryModel.swift in Sources */,
				C4D9069424324BF700B34A20 /* RootPresenter.swift in Sources */,
				C4D906A92432577A00B34A20 /* RepositoriesListScreen.swift in Sources */,
				C4D906B424325F6C00B34A20 /* R.generated.swift in Sources */,
				C453DD232433379900FFD8CA /* LoadingSectionController.swift in Sources */,
				C43B742D243659360066E673 /* PlaceholderSectionController.swift in Sources */,
				C453DD202433338B00FFD8CA /* LoadingCell.swift in Sources */,
				C43B7429243646DF0066E673 /* Visibility.swift in Sources */,
				C4D906AB243257CD00B34A20 /* RepositoriesListVC.swift in Sources */,
				C4D9069A24324D7000B34A20 /* RootDIContainer.swift in Sources */,
				C4D906B1243258D800B34A20 /* RepositoriesListDIContainer.swift in Sources */,
				C4D906B82432617600B34A20 /* NetworkManager.swift in Sources */,
				C4D906BC2432626700B34A20 /* HttpMethod.swift in Sources */,
				C4D906AD2432581400B34A20 /* RepositoriesListPresenter.swift in Sources */,
				C453DD1A243330A000FFD8CA /* UIAlertController+addActionFactory.swift in Sources */,
				C4D9069D24324FA900B34A20 /* UIWindowConfigurable.swift in Sources */,
				C4D9068F24324B7E00B34A20 /* RootScreen.swift in Sources */,
				C4D906C52432701200B34A20 /* RepositoriesListViewModel.swift in Sources */,
			);
			runOnlyForDeploymentPostprocessing = 0;
		};
		C4D906752432445F00B34A20 /* Sources */ = {
			isa = PBXSourcesBuildPhase;
			buildActionMask = 2147483647;
			files = (
				C4D906D92433207F00B34A20 /* RepositoriesListRouterSpy.swift in Sources */,
				C453DD1724332D5300FFD8CA /* RootRouterSpy.swift in Sources */,
				C4D906D42432911000B34A20 /* RepositoriesListPresenterTests.swift in Sources */,
				C4D906E624332BC800B34A20 /* RootPresenterTests.swift in Sources */,
				C4D906D62432924400B34A20 /* RepositoriesListViewSpy.swift in Sources */,
				C462709324373A6700EAFFAB /* ConnectivitySpy.swift in Sources */,
			);
			runOnlyForDeploymentPostprocessing = 0;
		};
/* End PBXSourcesBuildPhase section */

/* Begin PBXTargetDependency section */
		C4D9067B2432445F00B34A20 /* PBXTargetDependency */ = {
			isa = PBXTargetDependency;
			target = C4D906622432445B00B34A20 /* MobilunityTestJob */;
			targetProxy = C4D9067A2432445F00B34A20 /* PBXContainerItemProxy */;
		};
/* End PBXTargetDependency section */

/* Begin PBXVariantGroup section */
		C4D906712432445F00B34A20 /* LaunchScreen.storyboard */ = {
			isa = PBXVariantGroup;
			children = (
				C4D906722432445F00B34A20 /* Base */,
			);
			name = LaunchScreen.storyboard;
			sourceTree = "<group>";
		};
/* End PBXVariantGroup section */

/* Begin XCBuildConfiguration section */
		C4D906802432445F00B34A20 /* Debug */ = {
			isa = XCBuildConfiguration;
			buildSettings = {
				ALWAYS_SEARCH_USER_PATHS = NO;
				CLANG_ANALYZER_NONNULL = YES;
				CLANG_ANALYZER_NUMBER_OBJECT_CONVERSION = YES_AGGRESSIVE;
				CLANG_CXX_LANGUAGE_STANDARD = "gnu++14";
				CLANG_CXX_LIBRARY = "libc++";
				CLANG_ENABLE_MODULES = YES;
				CLANG_ENABLE_OBJC_ARC = YES;
				CLANG_ENABLE_OBJC_WEAK = YES;
				CLANG_WARN_BLOCK_CAPTURE_AUTORELEASING = YES;
				CLANG_WARN_BOOL_CONVERSION = YES;
				CLANG_WARN_COMMA = YES;
				CLANG_WARN_CONSTANT_CONVERSION = YES;
				CLANG_WARN_DEPRECATED_OBJC_IMPLEMENTATIONS = YES;
				CLANG_WARN_DIRECT_OBJC_ISA_USAGE = YES_ERROR;
				CLANG_WARN_DOCUMENTATION_COMMENTS = YES;
				CLANG_WARN_EMPTY_BODY = YES;
				CLANG_WARN_ENUM_CONVERSION = YES;
				CLANG_WARN_INFINITE_RECURSION = YES;
				CLANG_WARN_INT_CONVERSION = YES;
				CLANG_WARN_NON_LITERAL_NULL_CONVERSION = YES;
				CLANG_WARN_OBJC_IMPLICIT_RETAIN_SELF = YES;
				CLANG_WARN_OBJC_LITERAL_CONVERSION = YES;
				CLANG_WARN_OBJC_ROOT_CLASS = YES_ERROR;
				CLANG_WARN_RANGE_LOOP_ANALYSIS = YES;
				CLANG_WARN_STRICT_PROTOTYPES = YES;
				CLANG_WARN_SUSPICIOUS_MOVE = YES;
				CLANG_WARN_UNGUARDED_AVAILABILITY = YES_AGGRESSIVE;
				CLANG_WARN_UNREACHABLE_CODE = YES;
				CLANG_WARN__DUPLICATE_METHOD_MATCH = YES;
				COPY_PHASE_STRIP = NO;
				DEBUG_INFORMATION_FORMAT = dwarf;
				ENABLE_STRICT_OBJC_MSGSEND = YES;
				ENABLE_TESTABILITY = YES;
				GCC_C_LANGUAGE_STANDARD = gnu11;
				GCC_DYNAMIC_NO_PIC = NO;
				GCC_NO_COMMON_BLOCKS = YES;
				GCC_OPTIMIZATION_LEVEL = 0;
				GCC_PREPROCESSOR_DEFINITIONS = (
					"DEBUG=1",
					"$(inherited)",
				);
				GCC_WARN_64_TO_32_BIT_CONVERSION = YES;
				GCC_WARN_ABOUT_RETURN_TYPE = YES_ERROR;
				GCC_WARN_UNDECLARED_SELECTOR = YES;
				GCC_WARN_UNINITIALIZED_AUTOS = YES_AGGRESSIVE;
				GCC_WARN_UNUSED_FUNCTION = YES;
				GCC_WARN_UNUSED_VARIABLE = YES;
				IPHONEOS_DEPLOYMENT_TARGET = 13.2;
				MTL_ENABLE_DEBUG_INFO = INCLUDE_SOURCE;
				MTL_FAST_MATH = YES;
				ONLY_ACTIVE_ARCH = YES;
				SDKROOT = iphoneos;
				SWIFT_ACTIVE_COMPILATION_CONDITIONS = DEBUG;
				SWIFT_OPTIMIZATION_LEVEL = "-Onone";
			};
			name = Debug;
		};
		C4D906812432445F00B34A20 /* Release */ = {
			isa = XCBuildConfiguration;
			buildSettings = {
				ALWAYS_SEARCH_USER_PATHS = NO;
				CLANG_ANALYZER_NONNULL = YES;
				CLANG_ANALYZER_NUMBER_OBJECT_CONVERSION = YES_AGGRESSIVE;
				CLANG_CXX_LANGUAGE_STANDARD = "gnu++14";
				CLANG_CXX_LIBRARY = "libc++";
				CLANG_ENABLE_MODULES = YES;
				CLANG_ENABLE_OBJC_ARC = YES;
				CLANG_ENABLE_OBJC_WEAK = YES;
				CLANG_WARN_BLOCK_CAPTURE_AUTORELEASING = YES;
				CLANG_WARN_BOOL_CONVERSION = YES;
				CLANG_WARN_COMMA = YES;
				CLANG_WARN_CONSTANT_CONVERSION = YES;
				CLANG_WARN_DEPRECATED_OBJC_IMPLEMENTATIONS = YES;
				CLANG_WARN_DIRECT_OBJC_ISA_USAGE = YES_ERROR;
				CLANG_WARN_DOCUMENTATION_COMMENTS = YES;
				CLANG_WARN_EMPTY_BODY = YES;
				CLANG_WARN_ENUM_CONVERSION = YES;
				CLANG_WARN_INFINITE_RECURSION = YES;
				CLANG_WARN_INT_CONVERSION = YES;
				CLANG_WARN_NON_LITERAL_NULL_CONVERSION = YES;
				CLANG_WARN_OBJC_IMPLICIT_RETAIN_SELF = YES;
				CLANG_WARN_OBJC_LITERAL_CONVERSION = YES;
				CLANG_WARN_OBJC_ROOT_CLASS = YES_ERROR;
				CLANG_WARN_RANGE_LOOP_ANALYSIS = YES;
				CLANG_WARN_STRICT_PROTOTYPES = YES;
				CLANG_WARN_SUSPICIOUS_MOVE = YES;
				CLANG_WARN_UNGUARDED_AVAILABILITY = YES_AGGRESSIVE;
				CLANG_WARN_UNREACHABLE_CODE = YES;
				CLANG_WARN__DUPLICATE_METHOD_MATCH = YES;
				COPY_PHASE_STRIP = NO;
				DEBUG_INFORMATION_FORMAT = "dwarf-with-dsym";
				ENABLE_NS_ASSERTIONS = NO;
				ENABLE_STRICT_OBJC_MSGSEND = YES;
				GCC_C_LANGUAGE_STANDARD = gnu11;
				GCC_NO_COMMON_BLOCKS = YES;
				GCC_WARN_64_TO_32_BIT_CONVERSION = YES;
				GCC_WARN_ABOUT_RETURN_TYPE = YES_ERROR;
				GCC_WARN_UNDECLARED_SELECTOR = YES;
				GCC_WARN_UNINITIALIZED_AUTOS = YES_AGGRESSIVE;
				GCC_WARN_UNUSED_FUNCTION = YES;
				GCC_WARN_UNUSED_VARIABLE = YES;
				IPHONEOS_DEPLOYMENT_TARGET = 13.2;
				MTL_ENABLE_DEBUG_INFO = NO;
				MTL_FAST_MATH = YES;
				SDKROOT = iphoneos;
				SWIFT_COMPILATION_MODE = wholemodule;
				SWIFT_OPTIMIZATION_LEVEL = "-O";
				VALIDATE_PRODUCT = YES;
			};
			name = Release;
		};
		C4D906832432445F00B34A20 /* Debug */ = {
			isa = XCBuildConfiguration;
			baseConfigurationReference = D45263C9249D4C943F195F8A /* Pods-MobilunityTestJob.debug.xcconfig */;
			buildSettings = {
				ASSETCATALOG_COMPILER_APPICON_NAME = AppIcon;
				CODE_SIGN_STYLE = Automatic;
				DEVELOPMENT_TEAM = 4PM46468DE;
				INFOPLIST_FILE = "$(SRCROOT)/MobilunityTestJob/Configuration/Info.plist";
				LD_RUNPATH_SEARCH_PATHS = (
					"$(inherited)",
					"@executable_path/Frameworks",
				);
				MARKETING_VERSION = 0.1;
				PRODUCT_BUNDLE_IDENTIFIER = com.yaroslav.zhurbilo.MobilunityTestJob;
				PRODUCT_NAME = "$(TARGET_NAME)";
				SWIFT_VERSION = 5.0;
				TARGETED_DEVICE_FAMILY = 1;
			};
			name = Debug;
		};
		C4D906842432445F00B34A20 /* Release */ = {
			isa = XCBuildConfiguration;
			baseConfigurationReference = A8AD0620EF6963498CA43DB6 /* Pods-MobilunityTestJob.release.xcconfig */;
			buildSettings = {
				ASSETCATALOG_COMPILER_APPICON_NAME = AppIcon;
				CODE_SIGN_STYLE = Automatic;
				DEVELOPMENT_TEAM = 4PM46468DE;
				INFOPLIST_FILE = "$(SRCROOT)/MobilunityTestJob/Configuration/Info.plist";
				LD_RUNPATH_SEARCH_PATHS = (
					"$(inherited)",
					"@executable_path/Frameworks",
				);
				MARKETING_VERSION = 0.1;
				PRODUCT_BUNDLE_IDENTIFIER = com.yaroslav.zhurbilo.MobilunityTestJob;
				PRODUCT_NAME = "$(TARGET_NAME)";
				SWIFT_VERSION = 5.0;
				TARGETED_DEVICE_FAMILY = 1;
			};
			name = Release;
		};
		C4D906862432445F00B34A20 /* Debug */ = {
			isa = XCBuildConfiguration;
			baseConfigurationReference = B6CF151410D6AF38DEFA7D65 /* Pods-MobilunityTestJobTests.debug.xcconfig */;
			buildSettings = {
				BUNDLE_LOADER = "$(TEST_HOST)";
				CODE_SIGN_STYLE = Automatic;
				DEVELOPMENT_TEAM = 4PM46468DE;
				INFOPLIST_FILE = MobilunityTestJobTests/Info.plist;
				IPHONEOS_DEPLOYMENT_TARGET = 13.2;
				LD_RUNPATH_SEARCH_PATHS = (
					"$(inherited)",
					"@executable_path/Frameworks",
					"@loader_path/Frameworks",
				);
				PRODUCT_BUNDLE_IDENTIFIER = com.yaroslav.zhurbilo.MobilunityTestJobTests;
				PRODUCT_NAME = "$(TARGET_NAME)";
				SWIFT_VERSION = 5.0;
				TARGETED_DEVICE_FAMILY = "1,2";
				TEST_HOST = "$(BUILT_PRODUCTS_DIR)/MobilunityTestJob.app/MobilunityTestJob";
			};
			name = Debug;
		};
		C4D906872432445F00B34A20 /* Release */ = {
			isa = XCBuildConfiguration;
			baseConfigurationReference = 4859BABE908990C95C922049 /* Pods-MobilunityTestJobTests.release.xcconfig */;
			buildSettings = {
				BUNDLE_LOADER = "$(TEST_HOST)";
				CODE_SIGN_STYLE = Automatic;
				DEVELOPMENT_TEAM = 4PM46468DE;
				INFOPLIST_FILE = MobilunityTestJobTests/Info.plist;
				IPHONEOS_DEPLOYMENT_TARGET = 13.2;
				LD_RUNPATH_SEARCH_PATHS = (
					"$(inherited)",
					"@executable_path/Frameworks",
					"@loader_path/Frameworks",
				);
				PRODUCT_BUNDLE_IDENTIFIER = com.yaroslav.zhurbilo.MobilunityTestJobTests;
				PRODUCT_NAME = "$(TARGET_NAME)";
				SWIFT_VERSION = 5.0;
				TARGETED_DEVICE_FAMILY = "1,2";
				TEST_HOST = "$(BUILT_PRODUCTS_DIR)/MobilunityTestJob.app/MobilunityTestJob";
			};
			name = Release;
		};
/* End XCBuildConfiguration section */

/* Begin XCConfigurationList section */
		C4D9065E2432445B00B34A20 /* Build configuration list for PBXProject "MobilunityTestJob" */ = {
			isa = XCConfigurationList;
			buildConfigurations = (
				C4D906802432445F00B34A20 /* Debug */,
				C4D906812432445F00B34A20 /* Release */,
			);
			defaultConfigurationIsVisible = 0;
			defaultConfigurationName = Release;
		};
		C4D906822432445F00B34A20 /* Build configuration list for PBXNativeTarget "MobilunityTestJob" */ = {
			isa = XCConfigurationList;
			buildConfigurations = (
				C4D906832432445F00B34A20 /* Debug */,
				C4D906842432445F00B34A20 /* Release */,
			);
			defaultConfigurationIsVisible = 0;
			defaultConfigurationName = Release;
		};
		C4D906852432445F00B34A20 /* Build configuration list for PBXNativeTarget "MobilunityTestJobTests" */ = {
			isa = XCConfigurationList;
			buildConfigurations = (
				C4D906862432445F00B34A20 /* Debug */,
				C4D906872432445F00B34A20 /* Release */,
			);
			defaultConfigurationIsVisible = 0;
			defaultConfigurationName = Release;
		};
/* End XCConfigurationList section */
	};
	rootObject = C4D9065B2432445B00B34A20 /* Project object */;
}
